
Microsoft Visual Studio Solution File, Format Version 12.00
# Visual Studio Version 17
VisualStudioVersion = 17.5.33516.290
MinimumVisualStudioVersion = 10.0.40219.1
Project("{FAE04EC0-301F-11D3-BF4B-00C04F79EFBC}") = "FinanceNews.Web", "FinanceNews.Web\FinanceNews.Web.csproj", "{2CA732E7-6BD7-4195-BBAF-A337BB5A4C84}"
EndProject
Global
	GlobalSection(SolutionConfigurationPlatforms) = preSolution
		Debug|Any CPU = Debug|Any CPU
		Release|Any CPU = Release|Any CPU
	EndGlobalSection
	GlobalSection(ProjectConfigurationPlatforms) = postSolution
		{2CA732E7-6BD7-4195-BBAF-A337BB5A4C84}.Debug|Any CPU.ActiveCfg = Debug|Any CPU
		{2CA732E7-6BD7-4195-BBAF-A337BB5A4C84}.Debug|Any CPU.Build.0 = Debug|Any CPU
		{2CA732E7-6BD7-4195-BBAF-A337BB5A4C84}.Release|Any CPU.ActiveCfg = Release|Any CPU
		{2CA732E7-6BD7-4195-BBAF-A337BB5A4C84}.Release|Any CPU.Build.0 = Release|Any CPU
	EndGlobalSection
	GlobalSection(SolutionProperties) = preSolution
		HideSolutionNode = FALSE
	EndGlobalSection
	GlobalSection(ExtensibilityGlobals) = postSolution
		SolutionGuid = {FCA8C09F-E7F8-4A83-9C1F-08D90ACA9788}
	EndGlobalSection
EndGlobal
